
Microsoft Visual Studio Solution File, Format Version 11.00
# Visual Studio 2010
Project("{FAE04EC0-301F-11D3-BF4B-00C04F79EFBC}") = "Van.Parys.Windows.Forms", "Van.Parys.Windows.Forms\Van.Parys.Windows.Forms.csproj", "{BB69225C-34C1-45CD-A895-3030D48E4953}"
EndProject
Project("{FAE04EC0-301F-11D3-BF4B-00C04F79EFBC}") = "Van.Parys.Test", "Van.Parys.Test\Van.Parys.Test.csproj", "{B430ADE4-3103-42AB-9A09-27A22239899A}"
EndProject
Global
	GlobalSection(SolutionConfigurationPlatforms) = preSolution
		Debug|Any CPU = Debug|Any CPU
		Debug|Mixed Platforms = Debug|Mixed Platforms
		Debug|x86 = Debug|x86
		Release|Any CPU = Release|Any CPU
		Release|Mixed Platforms = Release|Mixed Platforms
		Release|x86 = Release|x86
	EndGlobalSection
	GlobalSection(ProjectConfigurationPlatforms) = postSolution
		{BB69225C-34C1-45CD-A895-3030D48E4953}.Debug|Any CPU.ActiveCfg = Debug|Any CPU
		{BB69225C-34C1-45CD-A895-3030D48E4953}.Debug|Any CPU.Build.0 = Debug|Any CPU
		{BB69225C-34C1-45CD-A895-3030D48E4953}.Debug|Mixed Platforms.ActiveCfg = Debug|Any CPU
		{BB69225C-34C1-45CD-A895-3030D48E4953}.Debug|Mixed Platforms.Build.0 = Debug|Any CPU
		{BB69225C-34C1-45CD-A895-3030D48E4953}.Debug|x86.ActiveCfg = Debug|Any CPU
		{BB69225C-34C1-45CD-A895-3030D48E4953}.Release|Any CPU.ActiveCfg = Release|Any CPU
		{BB69225C-34C1-45CD-A895-3030D48E4953}.Release|Any CPU.Build.0 = Release|Any CPU
		{BB69225C-34C1-45CD-A895-3030D48E4953}.Release|Mixed Platforms.ActiveCfg = Release|Any CPU
		{BB69225C-34C1-45CD-A895-3030D48E4953}.Release|Mixed Platforms.Build.0 = Release|Any CPU
		{BB69225C-34C1-45CD-A895-3030D48E4953}.Release|x86.ActiveCfg = Release|Any CPU
		{B430ADE4-3103-42AB-9A09-27A22239899A}.Debug|Any CPU.ActiveCfg = Debug|x86
		{B430ADE4-3103-42AB-9A09-27A22239899A}.Debug|Mixed Platforms.ActiveCfg = Debug|x86
		{B430ADE4-3103-42AB-9A09-27A22239899A}.Debug|Mixed Platforms.Build.0 = Debug|x86
		{B430ADE4-3103-42AB-9A09-27A22239899A}.Debug|x86.ActiveCfg = Debug|x86
		{B430ADE4-3103-42AB-9A09-27A22239899A}.Debug|x86.Build.0 = Debug|x86
		{B430ADE4-3103-42AB-9A09-27A22239899A}.Release|Any CPU.ActiveCfg = Release|x86
		{B430ADE4-3103-42AB-9A09-27A22239899A}.Release|Mixed Platforms.ActiveCfg = Release|x86
		{B430ADE4-3103-42AB-9A09-27A22239899A}.Release|Mixed Platforms.Build.0 = Release|x86
		{B430ADE4-3103-42AB-9A09-27A22239899A}.Release|x86.ActiveCfg = Release|x86
		{B430ADE4-3103-42AB-9A09-27A22239899A}.Release|x86.Build.0 = Release|x86
	EndGlobalSection
	GlobalSection(SolutionProperties) = preSolution
		HideSolutionNode = FALSE
	EndGlobalSection
EndGlobal
